
Microsoft Visual Studio Solution File, Format Version 12.00
# Visual Studio Version 16
VisualStudioVersion = 16.0.31624.102
MinimumVisualStudioVersion = 10.0.40219.1
Project("{FAE04EC0-301F-11D3-BF4B-00C04F79EFBC}") = "ObligatoriskEtClassLibrary", "ObligatoriskEtClassLibrary\ObligatoriskEtClassLibrary.csproj", "{3C900125-3ED5-4F3B-A660-B94B055A6779}"
EndProject
Project("{FAE04EC0-301F-11D3-BF4B-00C04F79EFBC}") = "ObligatoriskClassLibraryTests", "ObligatoriskClassLibraryTests\ObligatoriskClassLibraryTests.csproj", "{62EEB369-B371-4FF8-B414-CC3D0F5372A9}"
EndProject
Global
	GlobalSection(SolutionConfigurationPlatforms) = preSolution
		Debug|Any CPU = Debug|Any CPU
		Release|Any CPU = Release|Any CPU
	EndGlobalSection
	GlobalSection(ProjectConfigurationPlatforms) = postSolution
		{3C900125-3ED5-4F3B-A660-B94B055A6779}.Debug|Any CPU.ActiveCfg = Debug|Any CPU
		{3C900125-3ED5-4F3B-A660-B94B055A6779}.Debug|Any CPU.Build.0 = Debug|Any CPU
		{3C900125-3ED5-4F3B-A660-B94B055A6779}.Release|Any CPU.ActiveCfg = Release|Any CPU
		{3C900125-3ED5-4F3B-A660-B94B055A6779}.Release|Any CPU.Build.0 = Release|Any CPU
		{62EEB369-B371-4FF8-B414-CC3D0F5372A9}.Debug|Any CPU.ActiveCfg = Debug|Any CPU
		{62EEB369-B371-4FF8-B414-CC3D0F5372A9}.Debug|Any CPU.Build.0 = Debug|Any CPU
		{62EEB369-B371-4FF8-B414-CC3D0F5372A9}.Release|Any CPU.ActiveCfg = Release|Any CPU
		{62EEB369-B371-4FF8-B414-CC3D0F5372A9}.Release|Any CPU.Build.0 = Release|Any CPU
	EndGlobalSection
	GlobalSection(SolutionProperties) = preSolution
		HideSolutionNode = FALSE
	EndGlobalSection
	GlobalSection(ExtensibilityGlobals) = postSolution
		SolutionGuid = {ED2FDEB2-9CF4-4135-A8D9-BB3D09BFE144}
	EndGlobalSection
EndGlobal
